
Microsoft Visual Studio Solution File, Format Version 12.00
# Visual Studio Version 17
VisualStudioVersion = 17.2.32616.157
MinimumVisualStudioVersion = 10.0.40219.1
Project("{FAE04EC0-301F-11D3-BF4B-00C04F79EFBC}") = "WebApiFuncionarios", "WebApiFuncionarios.csproj", "{A62AC1A9-9A8B-4E1F-9277-3B187A13BFA8}"
EndProject
Global
	GlobalSection(SolutionConfigurationPlatforms) = preSolution
		Debug|Any CPU = Debug|Any CPU
		Release|Any CPU = Release|Any CPU
	EndGlobalSection
	GlobalSection(ProjectConfigurationPlatforms) = postSolution
		{A62AC1A9-9A8B-4E1F-9277-3B187A13BFA8}.Debug|Any CPU.ActiveCfg = Debug|Any CPU
		{A62AC1A9-9A8B-4E1F-9277-3B187A13BFA8}.Debug|Any CPU.Build.0 = Debug|Any CPU
		{A62AC1A9-9A8B-4E1F-9277-3B187A13BFA8}.Release|Any CPU.ActiveCfg = Release|Any CPU
		{A62AC1A9-9A8B-4E1F-9277-3B187A13BFA8}.Release|Any CPU.Build.0 = Release|Any CPU
	EndGlobalSection
	GlobalSection(SolutionProperties) = preSolution
		HideSolutionNode = FALSE
	EndGlobalSection
	GlobalSection(ExtensibilityGlobals) = postSolution
		SolutionGuid = {0082DE21-FFB3-4618-A4DE-D381DDCD38B7}
	EndGlobalSection
EndGlobal
